PODS:
  - IQKeyboardManagerSwift (6.5.6)
  - SDWebImage (5.11.1):
    - SDWebImage/Core (= 5.11.1)
  - SDWebImage/Core (5.11.1)

DEPENDENCIES:
  - IQKeyboardManagerSwift
  - SDWebImage (~> 5.0)

SPEC REPOS:
  trunk:
    - IQKeyboardManagerSwift
    - SDWebImage

SPEC CHECKSUMS:
  IQKeyboardManagerSwift: c7df9d2deb356c04522f5c4b7b6e4ce4d8ed94fe
  SDWebImage: a7f831e1a65eb5e285e3fb046a23fcfbf08e696d

PODFILE CHECKSUM: cef7174fa10d94a1418ab3a77afc22fc0eaad07e

COCOAPODS: 1.10.1
